
Microsoft Visual Studio Solution File, Format Version 11.00
# Visual Studio 2010
Project("{FAE04EC0-301F-11D3-BF4B-00C04F79EFBC}") = "projetoExemplo1", "projetoExemplo1\projetoExemplo1.csproj", "{FBC7A68C-EF6E-4DA2-99F9-6A0FFB89E615}"
EndProject
Global
	GlobalSection(SolutionConfigurationPlatforms) = preSolution
		Debug|x86 = Debug|x86
		Release|x86 = Release|x86
	EndGlobalSection
	GlobalSection(ProjectConfigurationPlatforms) = postSolution
		{FBC7A68C-EF6E-4DA2-99F9-6A0FFB89E615}.Debug|x86.ActiveCfg = Debug|x86
		{FBC7A68C-EF6E-4DA2-99F9-6A0FFB89E615}.Debug|x86.Build.0 = Debug|x86
		{FBC7A68C-EF6E-4DA2-99F9-6A0FFB89E615}.Release|x86.ActiveCfg = Release|x86
		{FBC7A68C-EF6E-4DA2-99F9-6A0FFB89E615}.Release|x86.Build.0 = Release|x86
	EndGlobalSection
	GlobalSection(SolutionProperties) = preSolution
		HideSolutionNode = FALSE
	EndGlobalSection
EndGlobal
